<?xml version="1.0" encoding="utf-8"?>
<Project ToolsVersion="4.0" xmlns="http://schemas.microsoft.com/developer/msbuild/2003">
  <ItemGroup>
    <Filter Include="MatrixEngine">
      <UniqueIdentifier>{902B6CF3-7C8E-FB97-2514-344E1156C71A}</UniqueIdentifier>
    </Filter>
    <Filter Include="MatrixEngine\Core">
      <UniqueIdentifier>{E8091F98-5420-1D2E-9D97-A84F09EDEDB5}</UniqueIdentifier>
    </Filter>
    <Filter Include="MatrixEngine\Events">
      <UniqueIdentifier>{74352B21-E096-082F-6904-4FE1D5643FEE}</UniqueIdentifier>
    </Filter>
    <Filter Include="MatrixEngine\LoggingSystem">
      <UniqueIdentifier>{4B6C8A59-377C-362A-A035-9B488C6425C3}</UniqueIdentifier>
    </Filter>
    <Filter Include="Platform">
      <UniqueIdentifier>{2AC788B4-1694-E3BF-3FAD-D1672BD9184E}</UniqueIdentifier>
    </Filter>
    <Filter Include="Platform\Windows">
      <UniqueIdentifier>{64FBD71A-50F4-F66C-7926-DCF1657ED678}</UniqueIdentifier>
    </Filter>
  </ItemGroup>
  <ItemGroup>
    <ClInclude Include="src\MXpch.h" />
    <ClInclude Include="src\MatrixEngine.h" />
    <ClInclude Include="src\MatrixEngine\Core.h">
      <Filter>MatrixEngine</Filter>
    </ClInclude>
    <ClInclude Include="src\MatrixEngine\Core\Application.h">
      <Filter>MatrixEngine\Core</Filter>
    </ClInclude>
    <ClInclude Include="src\MatrixEngine\Core\Core.h">
      <Filter>MatrixEngine\Core</Filter>
    </ClInclude>
    <ClInclude Include="src\MatrixEngine\Core\EntryPoint.h">
      <Filter>MatrixEngine\Core</Filter>
    </ClInclude>
    <ClInclude Include="src\MatrixEngine\Core\Layer.h">
      <Filter>MatrixEngine\Core</Filter>
    </ClInclude>
    <ClInclude Include="src\MatrixEngine\Core\LayerStack.h">
      <Filter>MatrixEngine\Core</Filter>
    </ClInclude>
    <ClInclude Include="src\MatrixEngine\Core\Window.h">
      <Filter>MatrixEngine\Core</Filter>
    </ClInclude>
    <ClInclude Include="src\MatrixEngine\Events\ApplicationEvents.h">
      <Filter>MatrixEngine\Events</Filter>
    </ClInclude>
    <ClInclude Include="src\MatrixEngine\Events\Event.h">
      <Filter>MatrixEngine\Events</Filter>
    </ClInclude>
    <ClInclude Include="src\MatrixEngine\Events\Events.h">
      <Filter>MatrixEngine\Events</Filter>
    </ClInclude>
    <ClInclude Include="src\MatrixEngine\Events\KeyBoardEvents.h">
      <Filter>MatrixEngine\Events</Filter>
    </ClInclude>
    <ClInclude Include="src\MatrixEngine\Events\MouseEvents.h">
      <Filter>MatrixEngine\Events</Filter>
    </ClInclude>
    <ClInclude Include="src\MatrixEngine\LoggingSystem\Core.h">
      <Filter>MatrixEngine\LoggingSystem</Filter>
    </ClInclude>
    <ClInclude Include="src\MatrixEngine\LoggingSystem\Logger.h">
      <Filter>MatrixEngine\LoggingSystem</Filter>
    </ClInclude>
    <ClInclude Include="src\Platform\Windows\WindowsWindow.h">
      <Filter>Platform\Windows</Filter>
    </ClInclude>
  </ItemGroup>
  <ItemGroup>
    <ClCompile Include="src\MXpch.cpp" />
    <ClCompile Include="src\MatrixEngine\Core\Application.cpp">
      <Filter>MatrixEngine\Core</Filter>
    </ClCompile>
    <ClCompile Include="src\MatrixEngine\Core\Layer.cpp">
      <Filter>MatrixEngine\Core</Filter>
    </ClCompile>
    <ClCompile Include="src\MatrixEngine\Core\LayerStack.cpp">
      <Filter>MatrixEngine\Core</Filter>
    </ClCompile>
    <ClCompile Include="src\MatrixEngine\Core\Window.cpp">
      <Filter>MatrixEngine\Core</Filter>
    </ClCompile>
    <ClCompile Include="src\MatrixEngine\Events\ApplicationEvents.cpp">
      <Filter>MatrixEngine\Events</Filter>
    </ClCompile>
    <ClCompile Include="src\MatrixEngine\Events\KeyBoardEvents.cpp">
      <Filter>MatrixEngine\Events</Filter>
    </ClCompile>
    <ClCompile Include="src\MatrixEngine\Events\MouseEvents.cpp">
      <Filter>MatrixEngine\Events</Filter>
    </ClCompile>
    <ClCompile Include="src\MatrixEngine\LoggingSystem\Logger.cpp">
      <Filter>MatrixEngine\LoggingSystem</Filter>
    </ClCompile>
    <ClCompile Include="src\Platform\Windows\WindowsWindow.cpp">
      <Filter>Platform\Windows</Filter>
    </ClCompile>
  </ItemGroup>
</Project>